{
  "requires": true,
  "lockfileVersion": 1,
  "dependencies": {
    "ansi-regex": {
      "version": "5.0.0",
      "resolved": "http://npm.yandex-team.ru/ansi-regex/-/ansi-regex-5.0.0.tgz?rbtorrent=8542f7920abc10416f0f117e43f2290bc747adb1",
      "integrity": "sha512-bY6fj56OUQ0hU1KjFNDQuJFezqKdrAyFdIevADiqrWHwSlbmBNMHp5ak2f40Pm8JTFyM2mqxkG6ngkHO11f/lg=="
    },
    "ansi-styles": {
      "version": "4.3.0",
      "resolved": "http://npm.yandex-team.ru/ansi-styles/-/ansi-styles-4.3.0.tgz?rbtorrent=71a8bd57f3f3a63a5b0ae879a761b238bb3dd3d7",
      "integrity": "sha512-zbB9rCJAT1rbjiVDb2hqKFHNYLxgtk8NURxZ3IZwD3F6NtxbXZQCnnSi1Lkx+IDohdPlFp222wVALIheZJQSEg==",
      "requires": {
        "color-convert": "^2.0.1"
      }
    },
    "cliui": {
      "version": "7.0.4",
      "resolved": "http://npm.yandex-team.ru/cliui/-/cliui-7.0.4.tgz?rbtorrent=[object%20Object]",
      "integrity": "sha512-OcRE68cOsVMXp1Yvonl/fzkQOyjLSu/8bhPDfQt0e0/Eb283TKP20Fs2MqoPsr9SwA595rRCA+QMzYc9nBP+JQ==",
      "requires": {
        "string-width": "^4.2.0",
        "strip-ansi": "^6.0.0",
        "wrap-ansi": "^7.0.0"
      }
    },
    "color-convert": {
      "version": "2.0.1",
      "resolved": "http://npm.yandex-team.ru/color-convert/-/color-convert-2.0.1.tgz?rbtorrent=769fb795063f259bce31a9f20fc15b0d42646b2e",
      "integrity": "sha512-RRECPsj7iu/xb5oKYcsFHSppFNnsj/52OVTRKb4zP5onXwVF3zVmmToNcOfGC+CRDpfK/U584fMg38ZHCaElKQ==",
      "requires": {
        "color-name": "~1.1.4"
      }
    },
    "color-name": {
      "version": "1.1.4",
      "resolved": "http://npm.yandex-team.ru/color-name/-/color-name-1.1.4.tgz?rbtorrent=bfe35c629295f687cdeea3875ee112eb55eb6b93",
      "integrity": "sha512-dOy+3AuW3a2wNbZHIuMZpTcgjGuLU/uBL/ubcZF9OXbDo8ff4O8yVp5Bf0efS8uEoYo5q4Fx7dY9OgQGXgAsQA=="
    },
    "emoji-regex": {
      "version": "8.0.0",
      "resolved": "http://npm.yandex-team.ru/emoji-regex/-/emoji-regex-8.0.0.tgz?rbtorrent=9c63733fe9e4b60ec6164b7b90f008f886358190",
      "integrity": "sha512-MSjYzcWNOA0ewAHpz0MxpYFvwg6yjy1NG3xteoqz644VCo/RPgnr1/GGt+ic3iJTzQ8Eu3TdM14SawnVUmGE6A=="
    },
    "escalade": {
      "version": "3.1.1",
      "resolved": "http://npm.yandex-team.ru/escalade/-/escalade-3.1.1.tgz?rbtorrent=24b3dfba81fd9b126b9af3b560ead79d61a5a4f0",
      "integrity": "sha512-k0er2gUkLf8O0zKJiAhmkTnJlTvINGv7ygDNPbeIsX/TJjGJZHuh9B2UxbsaEkmlEo9MfhrSzmhIlhRlI2GXnw=="
    },
    "get-caller-file": {
      "version": "2.0.5",
      "resolved": "http://npm.yandex-team.ru/get-caller-file/-/get-caller-file-2.0.5.tgz?rbtorrent=7388a9547e901af57589cc4a5a879a2c1c79ca6b",
      "integrity": "sha512-DyFP3BM/3YHTQOCUL/w0OZHR0lpKeGrxotcHWcqNEdnltqFwXVfhEBQ94eIo34AfQpo0rGki4cyIiftY06h2Fg=="
    },
    "is-fullwidth-code-point": {
      "version": "3.0.0",
      "resolved": "http://npm.yandex-team.ru/is-fullwidth-code-point/-/is-fullwidth-code-point-3.0.0.tgz?rbtorrent=9f8a9fc1a318c9b9a907ba74176b8d156ee129cf",
      "integrity": "sha512-zymm5+u+sCsSWyD9qNaejV3DFvhCKclKdizYaJUuHA83RLjb7nSuGnddCHGv0hk+KY7BMAlsWeK4Ueg6EV6XQg=="
    },
    "require-directory": {
      "version": "2.1.1",
      "resolved": "https://npm.yandex-team.ru/require-directory/-/require-directory-2.1.1.tgz?rbtorrent=6f3a1c36c5c614529836495759b539128977fc9d",
      "integrity": "sha1-jGStX9MNqxyXbiNE/+f3kqam30I="
    },
    "string-width": {
      "version": "4.2.2",
      "resolved": "http://npm.yandex-team.ru/string-width/-/string-width-4.2.2.tgz?rbtorrent=2994d264edae6beef2e0e77bfed43ca48c64deb3",
      "integrity": "sha512-XBJbT3N4JhVumXE0eoLU9DCjcaF92KLNqTmFCnG1pf8duUxFGwtP6AD6nkjw9a3IdiRtL3E2w3JDiE/xi3vOeA==",
      "requires": {
        "emoji-regex": "^8.0.0",
        "is-fullwidth-code-point": "^3.0.0",
        "strip-ansi": "^6.0.0"
      }
    },
    "strip-ansi": {
      "version": "6.0.0",
      "resolved": "http://npm.yandex-team.ru/strip-ansi/-/strip-ansi-6.0.0.tgz?rbtorrent=ce8e18dad54d9f0a3f287d234059231bc8a7c7fa",
      "integrity": "sha512-AuvKTrTfQNYNIctbR1K/YGTR1756GycPsg7b9bdV9Duqur4gv6aKqHXah67Z8ImS7WEz5QVcOtlfW2rZEugt6w==",
      "requires": {
        "ansi-regex": "^5.0.0"
      }
    },
    "wrap-ansi": {
      "version": "7.0.0",
      "resolved": "http://npm.yandex-team.ru/wrap-ansi/-/wrap-ansi-7.0.0.tgz?rbtorrent=312c52ab2db72fb9dc9b57f62d1ee32019be6356",
      "integrity": "sha512-YVGIj2kamLSTxw6NsZjoBxfSwsn0ycdesmc4p+Q21c5zPuZ1pl+NfxVdxPtdHvmNVOQ6XSYG4AUtyt/Fi7D16Q==",
      "requires": {
        "ansi-styles": "^4.0.0",
        "string-width": "^4.1.0",
        "strip-ansi": "^6.0.0"
      }
    },
    "y18n": {
      "version": "5.0.8",
      "resolved": "http://npm.yandex-team.ru/y18n/-/y18n-5.0.8.tgz?rbtorrent=855b16086a3d43ecea19041a0364afa26b8d5b42",
      "integrity": "sha512-0pfFzegeDWJHJIAmTLRP2DwHjdF5s7jo9tuztdQxAhINCdvS+3nGINqPd00AphqJR/0LhANUS6/+7SCb98YOfA=="
    },
    "yargs": {
      "version": "17.1.0",
      "resolved": "http://npm.yandex-team.ru/yargs/-/yargs-17.1.0.tgz?rbtorrent=34ed8a1977acffec20ef6bd8938434d21c49b2f1",
      "integrity": "sha512-SQr7qqmQ2sNijjJGHL4u7t8vyDZdZ3Ahkmo4sc1w5xI9TBX0QDdG/g4SFnxtWOsGLjwHQue57eFALfwFCnixgg==",
      "requires": {
        "cliui": "^7.0.2",
        "escalade": "^3.1.1",
        "get-caller-file": "^2.0.5",
        "require-directory": "^2.1.1",
        "string-width": "^4.2.0",
        "y18n": "^5.0.5",
        "yargs-parser": "^20.2.2"
      }
    },
    "yargs-parser": {
      "version": "20.2.9",
      "resolved": "http://npm.yandex-team.ru/yargs-parser/-/yargs-parser-20.2.9.tgz?rbtorrent=e6ea22fc2e458e3fde8f2ae895500406f1fa5002",
      "integrity": "sha512-y11nGElTIV+CT3Zv9t7VKl+Q3hTQoT9a1Qzezhhl6Rp21gJ/IVTW7Z3y9EWXhuUBC2Shnf+DX0antecpAwSP8w=="
    }
  }
}
